
Microsoft Visual Studio Solution File, Format Version 12.00
# Visual Studio 15
VisualStudioVersion = 15.0.28307.329
MinimumVisualStudioVersion = 10.0.40219.1
Project("{FAE04EC0-301F-11D3-BF4B-00C04F79EFBC}") = "ArenaFinder", "ArenaFinder\ArenaFinder.csproj", "{56E6E3D9-35FF-429A-A3F1-82EA83555D8E}"
EndProject
Global
	GlobalSection(SolutionConfigurationPlatforms) = preSolution
		Debug|Any CPU = Debug|Any CPU
		Release|Any CPU = Release|Any CPU
	EndGlobalSection
	GlobalSection(ProjectConfigurationPlatforms) = postSolution
		{56E6E3D9-35FF-429A-A3F1-82EA83555D8E}.Debug|Any CPU.ActiveCfg = Debug|Any CPU
		{56E6E3D9-35FF-429A-A3F1-82EA83555D8E}.Debug|Any CPU.Build.0 = Debug|Any CPU
		{56E6E3D9-35FF-429A-A3F1-82EA83555D8E}.Release|Any CPU.ActiveCfg = Release|Any CPU
		{56E6E3D9-35FF-429A-A3F1-82EA83555D8E}.Release|Any CPU.Build.0 = Release|Any CPU
	EndGlobalSection
	GlobalSection(SolutionProperties) = preSolution
		HideSolutionNode = FALSE
	EndGlobalSection
	GlobalSection(ExtensibilityGlobals) = postSolution
		SolutionGuid = {9A99CB62-4BE4-49FB-A8E3-61706D1187CB}
	EndGlobalSection
EndGlobal
